<?xml version="1.0" encoding="UTF-8"?>
<Scheme
   LastUpgradeVersion = "0500"
   version = "1.7">
   <BuildAction
      parallelizeBuildables = "YES"
      buildImplicitDependencies = "YES">
      <BuildActionEntries>
         <BuildActionEntry
            buildForTesting = "YES"
            buildForRunning = "YES"
            buildForProfiling = "YES"
            buildForArchiving = "YES"
            buildForAnalyzing = "YES">
            <BuildableReference
               BuildableIdentifier = "primary"
               BlueprintIdentifier = "B14CF4E017EA06E200048A72"
               BuildableName = "TestingMavericks.app"
               BlueprintName = "TestingMavericks"
               ReferencedContainer = "container:TestingMavericks.xcodeproj">
            </BuildableReference>
         </BuildActionEntry>
      </BuildActionEntries>
   </BuildAction>
   <TestAction
      selectedDebuggerIdentifier = "Xcode.DebuggerFoundation.Debugger.LLDB"
      selectedLauncherIdentifier = "Xcode.DebuggerFoundation.Launcher.LLDB"
      shouldUseLaunchSchemeArgsEnv = "YES"
      buildConfiguration = "Debug">
      <Testables>
         <TestableReference
            skipped = "NO">
            <BuildableReference
               BuildableIdentifier = "primary"
               BlueprintIdentifier = "B14CF50B17EA06E300048A72"
               BuildableName = "TestingMavericksTests.xctest"
               BlueprintName = "TestingMavericksTests"
               ReferencedContainer = "container:TestingMavericks.xcodeproj">
            </BuildableReference>
         </TestableReference>
      </Testables>
      <MacroExpansion>
         <BuildableReference
            BuildableIdentifier = "primary"
            BlueprintIdentifier = "B14CF4E017EA06E200048A72"
            BuildableName = "TestingMavericks.app"
            BlueprintName = "TestingMavericks"
            ReferencedContainer = "container:TestingMavericks.xcodeproj">
         </BuildableReference>
      </MacroExpansion>
   </TestAction>
   <LaunchAction
      selectedDebuggerIdentifier = "Xcode.DebuggerFoundation.Debugger.LLDB"
      selectedLauncherIdentifier = "Xcode.DebuggerFoundation.Launcher.LLDB"
      launchStyle = "0"
      useCustomWorkingDirectory = "NO"
      buildConfiguration = "Debug"
      ignoresPersistentStateOnLaunch = "NO"
      debugDocumentVersioning = "YES"
      allowLocationSimulation = "YES">
      <BuildableProductRunnable>
         <BuildableReference
            BuildableIdentifier = "primary"
            BlueprintIdentifier = "B14CF4E017EA06E200048A72"
            BuildableName = "TestingMavericks.app"
            BlueprintName = "TestingMavericks"
            ReferencedContainer = "container:TestingMavericks.xcodeproj">
         </BuildableReference>
      </BuildableProductRunnable>
      <AdditionalOptions>
      </AdditionalOptions>
   </LaunchAction>
   <ProfileAction
      shouldUseLaunchSchemeArgsEnv = "YES"
      savedToolIdentifier = ""
      useCustomWorkingDirectory = "NO"
      buildConfiguration = "Release"
      debugDocumentVersioning = "YES">
      <BuildableProductRunnable>
         <BuildableReference
            BuildableIdentifier = "primary"
            BlueprintIdentifier = "B14CF4E017EA06E200048A72"
            BuildableName = "TestingMavericks.app"
            BlueprintName = "TestingMavericks"
            ReferencedContainer = "container:TestingMavericks.xcodeproj">
         </BuildableReference>
      </BuildableProductRunnable>
   </ProfileAction>
   <AnalyzeAction
      buildConfiguration = "Debug">
   </AnalyzeAction>
   <ArchiveAction
      buildConfiguration = "Release"
      revealArchiveInOrganizer = "YES">
      <PostActions>
         <ExecutionAction
            ActionType = "Xcode.IDEStandardExecutionActionsCore.ExecutionActionType.ShellScriptAction">
            <ActionContent
               title = "Run Script"
               scriptText = "#!/bin/bash&#10;#&#10;# (Above line comes out when placing in Xcode scheme)&#10;#&#10;&#10;API_TOKEN=9635c50fb62ae510f481c73921727b0f_MjAzMzU4MjAxMS0xMS0wMSAyMzo0NTowMi4xOTI4Njc&#10;TEAM_TOKEN=16907afca457815df8a7f513deabc212_MjU1MzQzMjAxMy0wOC0wMiAxMDo1MToxNS43MTkxNzA&#10;SIGNING_IDENTITY=&quot;iPhone Distribution: Development Seed&quot;&#10;PROVISIONING_PROFILE=&quot;${HOME}/Library/MobileDevice/Provisioning Profiles/MapBox Ad Hoc.mobileprovision&quot;&#10;LOG=&quot;/tmp/testflight.log&quot;&#10;GROWL=&quot;${HOME}/bin/growlnotify -a Xcode -w&quot;&#10;&#10;DATE=$( /bin/date +&quot;%Y-%m-%d&quot; )&#10;ARCHIVE=$( /bin/ls -t &quot;${HOME}/Library/Developer/Xcode/Archives/${DATE}&quot; | /usr/bin/grep xcarchive | /usr/bin/sed -n 1p )&#10;DSYM=&quot;${HOME}/Library/Developer/Xcode/Archives/${DATE}/${ARCHIVE}/dSYMs/${PRODUCT_NAME}.app.dSYM&quot;&#10;APP=&quot;${HOME}/Library/Developer/Xcode/Archives/${DATE}/${ARCHIVE}/Products/Applications/${PRODUCT_NAME}.app&quot;&#10;&#10;FAIL = $(echo &quot;failed&quot; &gt;&gt; $LOG &amp;&amp; date &gt;&gt; $LOG &amp;&amp; exit(1))&#10;&#10;/usr/bin/open -a /Applications/Utilities/Console.app $LOG&#10;&#10;echo &quot;=============================&quot; &gt; $LOG&#10;date &gt;&gt; $LOG&#10;echo &quot;pwd&quot; &gt;&gt; $LOG&#10;pwd &gt;&gt; $LOG&#10;&#10;echo &quot;Creating .ipa for ${PRODUCT_NAME}... &quot; &gt;&gt; $LOG&#10;echo &quot;Creating .ipa for ${PRODUCT_NAME}&quot; | ${GROWL}&#10;&#10;/bin/rm &quot;/tmp/${PRODUCT_NAME}.ipa&quot;&#10;/usr/bin/xcrun -sdk iphoneos PackageApplication -v &quot;${APP}&quot; -o &quot;/tmp/${PRODUCT_NAME}.ipa&quot; &gt;&gt; $LOG || $FAIL&#10;&#10;echo &quot;done.&quot; &gt;&gt; $LOG&#10;&#10;echo &quot;Zipping .dSYM for ${PRODUCT_NAME}...&quot; &gt;&gt; $LOG&#10;&#10;/bin/rm &quot;/tmp/${PRODUCT_NAME}.dSYM.zip&quot;&#10;/usr/bin/zip -r &quot;/tmp/${PRODUCT_NAME}.dSYM.zip&quot; &quot;${DSYM}&quot; &gt;&gt; $LOG || $FAIL&#10;&#10;echo &quot;done.&quot; &gt;&gt; $LOG&#10;echo &quot;Uploading to TestFlight... &quot; &gt;&gt; $LOG&#10;&#10;/usr/bin/curl &quot;http://testflightapp.com/api/builds.json&quot; \&#10;-F file=@&quot;/tmp/${PRODUCT_NAME}.ipa&quot; \&#10;-F dsym=@&quot;/tmp/${PRODUCT_NAME}.dSYM.zip&quot; \&#10;-F api_token=&quot;${API_TOKEN}&quot; \&#10;-F team_token=&quot;${TEAM_TOKEN}&quot; \&#10;-F notes=&quot;Build uploaded automatically from Xcode.&quot; &gt;&gt; $LOG || $FAIL&#10;&#10;echo &quot;Success.&quot; &gt;&gt; $LOG&#10;&#10;date &gt;&gt; $LOG"
               shellToInvoke = "/bin/bash">
               <EnvironmentBuildable>
                  <BuildableReference
                     BuildableIdentifier = "primary"
                     BlueprintIdentifier = "B14CF4E017EA06E200048A72"
                     BuildableName = "TestingMavericks.app"
                     BlueprintName = "TestingMavericks"
                     ReferencedContainer = "container:TestingMavericks.xcodeproj">
                  </BuildableReference>
               </EnvironmentBuildable>
            </ActionContent>
         </ExecutionAction>
      </PostActions>
   </ArchiveAction>
</Scheme>
